
Microsoft Visual Studio Solution File, Format Version 12.00
Project("{FAE04EC0-301F-11D3-BF4B-00C04F79EFBC}") = "FirstApi", "FirstApi.csproj", "{143C73C2-0E35-4F94-86C0-7F91D3B3FED4}"
EndProject
Global
	GlobalSection(SolutionConfigurationPlatforms) = preSolution
		Debug|Any CPU = Debug|Any CPU
		Release|Any CPU = Release|Any CPU
	EndGlobalSection
	GlobalSection(ProjectConfigurationPlatforms) = postSolution
		{143C73C2-0E35-4F94-86C0-7F91D3B3FED4}.Debug|Any CPU.ActiveCfg = Debug|Any CPU
		{143C73C2-0E35-4F94-86C0-7F91D3B3FED4}.Debug|Any CPU.Build.0 = Debug|Any CPU
		{143C73C2-0E35-4F94-86C0-7F91D3B3FED4}.Release|Any CPU.ActiveCfg = Release|Any CPU
		{143C73C2-0E35-4F94-86C0-7F91D3B3FED4}.Release|Any CPU.Build.0 = Release|Any CPU
	EndGlobalSection
EndGlobal
